// !$*UTF8*$!
{
	archiveVersion = 1;
	classes = {
	};
	objectVersion = 46;
	objects = {

/* Begin PBXBuildFile section */
		491D7AF31B49375200B1484E /* main.m in Sources */ = {isa = PBXBuildFile; fileRef = 491D7AF21B49375200B1484E /* main.m */; };
		491D7AF61B49375200B1484E /* AppDelegate.m in Sources */ = {isa = PBXBuildFile; fileRef = 491D7AF51B49375200B1484E /* AppDelegate.m */; };
		491D7AF91B49375200B1484E /* ViewController.m in Sources */ = {isa = PBXBuildFile; fileRef = 491D7AF81B49375200B1484E /* ViewController.m */; };
		491D7AFC1B49375200B1484E /* Main.storyboard in Resources */ = {isa = PBXBuildFile; fileRef = 491D7AFA1B49375200B1484E /* Main.storyboard */; };
		491D7AFE1B49375200B1484E /* Images.xcassets in Resources */ = {isa = PBXBuildFile; fileRef = 491D7AFD1B49375200B1484E /* Images.xcassets */; };
		491D7B011B49375200B1484E /* LaunchScreen.xib in Resources */ = {isa = PBXBuildFile; fileRef = 491D7AFF1B49375200B1484E /* LaunchScreen.xib */; };
		491D7B0D1B49375200B1484E /* GitHubTests.m in Sources */ = {isa = PBXBuildFile; fileRef = 491D7B0C1B49375200B1484E /* GitHubTests.m */; };
/* End PBXBuildFile section */

/* Begin PBXContainerItemProxy section */
		491D7B071B49375200B1484E /* PBXContainerItemProxy */ = {
			isa = PBXContainerItemProxy;
			containerPortal = 491D7AE51B49375200B1484E /* Project object */;
			proxyType = 1;
			remoteGlobalIDString = 491D7AEC1B49375200B1484E;
			remoteInfo = GitHub;
		};
/* End PBXContainerItemProxy section */

/* Begin PBXFileReference section */
		491D7AED1B49375200B1484E /* GitHub.app */ = {isa = PBXFileReference; explicitFileType = wrapper.application; includeInIndex = 0; path = GitHub.app; sourceTree = BUILT_PRODUCTS_DIR; };
		491D7AF11B49375200B1484E /* Info.plist */ = {isa = PBXFileReference; lastKnownFileType = text.plist.xml; path = Info.plist; sourceTree = "<group>"; };
		491D7AF21B49375200B1484E /* main.m */ = {isa = PBXFileReference; lastKnownFileType = sourcecode.c.objc; path = main.m; sourceTree = "<group>"; };
		491D7AF41B49375200B1484E /* AppDelegate.h */ = {isa = PBXFileReference; lastKnownFileType = sourcecode.c.h; path = AppDelegate.h; sourceTree = "<group>"; };
		491D7AF51B49375200B1484E /* AppDelegate.m */ = {isa = PBXFileReference; lastKnownFileType = sourcecode.c.objc; path = AppDelegate.m; sourceTree = "<group>"; };
		491D7AF71B49375200B1484E /* ViewController.h */ = {isa = PBXFileReference; lastKnownFileType = sourcecode.c.h; path = ViewController.h; sourceTree = "<group>"; };
		491D7AF81B49375200B1484E /* ViewController.m */ = {isa = PBXFileReference; lastKnownFileType = sourcecode.c.objc; path = ViewController.m; sourceTree = "<group>"; };
		491D7AFB1B49375200B1484E /* Base */ = {isa = PBXFileReference; lastKnownFileType = file.storyboard; name = Base; path = Base.lproj/Main.storyboard; sourceTree = "<group>"; };
		491D7AFD1B49375200B1484E /* Images.xcassets */ = {isa = PBXFileReference; lastKnownFileType = folder.assetcatalog; path = Images.xcassets; sourceTree = "<group>"; };
		491D7B001B49375200B1484E /* Base */ = {isa = PBXFileReference; lastKnownFileType = file.xib; name = Base; path = Base.lproj/LaunchScreen.xib; sourceTree = "<group>"; };
		491D7B061B49375200B1484E /* GitHubTests.xctest */ = {isa = PBXFileReference; explicitFileType = wrapper.cfbundle; includeInIndex = 0; path = GitHubTests.xctest; sourceTree = BUILT_PRODUCTS_DIR; };
		491D7B0B1B49375200B1484E /* Info.plist */ = {isa = PBXFileReference; lastKnownFileType = text.plist.xml; path = Info.plist; sourceTree = "<group>"; };
		491D7B0C1B49375200B1484E /* GitHubTests.m */ = {isa = PBXFileReference; lastKnownFileType = sourcecode.c.objc; path = GitHubTests.m; sourceTree = "<group>"; };
/* End PBXFileReference section */

/* Begin PBXFrameworksBuildPhase section */
		491D7AEA1B49375200B1484E /* Frameworks */ = {
			isa = PBXFrameworksBuildPhase;
			buildActionMask = 2147483647;
			files = (
			);
			runOnlyForDeploymentPostprocessing = 0;
		};
		491D7B031B49375200B1484E /* Frameworks */ = {
			isa = PBXFrameworksBuildPhase;
			buildActionMask = 2147483647;
			files = (
			);
			runOnlyForDeploymentPostprocessing = 0;
		};
/* End PBXFrameworksBuildPhase section */

/* Begin PBXGroup section */
		491D7AE41B49375200B1484E = {
			isa = PBXGroup;
			children = (
				491D7AEF1B49375200B1484E /* GitHub */,
				491D7B091B49375200B1484E /* GitHubTests */,
				491D7AEE1B49375200B1484E /* Products */,
			);
			sourceTree = "<group>";
		};
		491D7AEE1B49375200B1484E /* Products */ = {
			isa = PBXGroup;
			children = (
				491D7AED1B49375200B1484E /* GitHub.app */,
				491D7B061B49375200B1484E /* GitHubTests.xctest */,
			);
			name = Products;
			sourceTree = "<group>";
		};
		491D7AEF1B49375200B1484E /* GitHub */ = {
			isa = PBXGroup;
			children = (
				491D7AF41B49375200B1484E /* AppDelegate.h */,
				491D7AF51B49375200B1484E /* AppDelegate.m */,
				491D7AF71B49375200B1484E /* ViewController.h */,
				491D7AF81B49375200B1484E /* ViewController.m */,
				491D7AFA1B49375200B1484E /* Main.storyboard */,
				491D7AFD1B49375200B1484E /* Images.xcassets */,
				491D7AFF1B49375200B1484E /* LaunchScreen.xib */,
				491D7AF01B49375200B1484E /* Supporting Files */,
			);
			path = GitHub;
			sourceTree = "<group>";
		};
		491D7AF01B49375200B1484E /* Supporting Files */ = {
			isa = PBXGroup;
			children = (
				491D7AF11B49375200B1484E /* Info.plist */,
				491D7AF21B49375200B1484E /* main.m */,
			);
			name = "Supporting Files";
			sourceTree = "<group>";
		};
		491D7B091B49375200B1484E /* GitHubTests */ = {
			isa = PBXGroup;
			children = (
				491D7B0C1B49375200B1484E /* GitHubTests.m */,
				491D7B0A1B49375200B1484E /* Supporting Files */,
			);
			path = GitHubTests;
			sourceTree = "<group>";
		};
		491D7B0A1B49375200B1484E /* Supporting Files */ = {
			isa = PBXGroup;
			children = (
				491D7B0B1B49375200B1484E /* Info.plist */,
			);
			name = "Supporting Files";
			sourceTree = "<group>";
		};
/* End PBXGroup section */

/* Begin PBXNativeTarget section */
		491D7AEC1B49375200B1484E /* GitHub */ = {
			isa = PBXNativeTarget;
			buildConfigurationList = 491D7B101B49375200B1484E /* Build configuration list for PBXNativeTarget "GitHub" */;
			buildPhases = (
				491D7AE91B49375200B1484E /* Sources */,
				491D7AEA1B49375200B1484E /* Frameworks */,
				491D7AEB1B49375200B1484E /* Resources */,
			);
			buildRules = (
			);
			dependencies = (
			);
			name = GitHub;
			productName = GitHub;
			productReference = 491D7AED1B49375200B1484E /* GitHub.app */;
			productType = "com.apple.product-type.application";
		};
		491D7B051B49375200B1484E /* GitHubTests */ = {
			isa = PBXNativeTarget;
			buildConfigurationList = 491D7B131B49375200B1484E /* Build configuration list for PBXNativeTarget "GitHubTests" */;
			buildPhases = (
				491D7B021B49375200B1484E /* Sources */,
				491D7B031B49375200B1484E /* Frameworks */,
				491D7B041B49375200B1484E /* Resources */,
			);
			buildRules = (
			);
			dependencies = (
				491D7B081B49375200B1484E /* PBXTargetDependency */,
			);
			name = GitHubTests;
			productName = GitHubTests;
			productReference = 491D7B061B49375200B1484E /* GitHubTests.xctest */;
			productType = "com.apple.product-type.bundle.unit-test";
		};
/* End PBXNativeTarget section */

/* Begin PBXProject section */
		491D7AE51B49375200B1484E /* Project object */ = {
			isa = PBXProject;
			attributes = {
				LastUpgradeCheck = 0630;
				ORGANIZATIONNAME = 567;
				TargetAttributes = {
					491D7AEC1B49375200B1484E = {
						CreatedOnToolsVersion = 6.3.1;
					};
					491D7B051B49375200B1484E = {
						CreatedOnToolsVersion = 6.3.1;
						TestTargetID = 491D7AEC1B49375200B1484E;
					};
				};
			};
			buildConfigurationList = 491D7AE81B49375200B1484E /* Build configuration list for PBXProject "GitHub" */;
			compatibilityVersion = "Xcode 3.2";
			developmentRegion = English;
			hasScannedForEncodings = 0;
			knownRegions = (
				en,
				Base,
			);
			mainGroup = 491D7AE41B49375200B1484E;
			productRefGroup = 491D7AEE1B49375200B1484E /* Products */;
			projectDirPath = "";
			projectRoot = "";
			targets = (
				491D7AEC1B49375200B1484E /* GitHub */,
				491D7B051B49375200B1484E /* GitHubTests */,
			);
		};
/* End PBXProject section */

/* Begin PBXResourcesBuildPhase section */
		491D7AEB1B49375200B1484E /* Resources */ = {
			isa = PBXResourcesBuildPhase;
			buildActionMask = 2147483647;
			files = (
				491D7AFC1B49375200B1484E /* Main.storyboard in Resources */,
				491D7B011B49375200B1484E /* LaunchScreen.xib in Resources */,
				491D7AFE1B49375200B1484E /* Images.xcassets in Resources */,
			);
			runOnlyForDeploymentPostprocessing = 0;
		};
		491D7B041B49375200B1484E /* Resources */ = {
			isa = PBXResourcesBuildPhase;
			buildActionMask = 2147483647;
			files = (
			);
			runOnlyForDeploymentPostprocessing = 0;
		};
/* End PBXResourcesBuildPhase section */

/* Begin PBXSourcesBuildPhase section */
		491D7AE91B49375200B1484E /* Sources */ = {
			isa = PBXSourcesBuildPhase;
			buildActionMask = 2147483647;
			files = (
				491D7AF91B49375200B1484E /* ViewController.m in Sources */,
				491D7AF61B49375200B1484E /* AppDelegate.m in Sources */,
				491D7AF31B49375200B1484E /* main.m in Sources */,
			);
			runOnlyForDeploymentPostprocessing = 0;
		};
		491D7B021B49375200B1484E /* Sources */ = {
			isa = PBXSourcesBuildPhase;
			buildActionMask = 2147483647;
			files = (
				491D7B0D1B49375200B1484E /* GitHubTests.m in Sources */,
			);
			runOnlyForDeploymentPostprocessing = 0;
		};
/* End PBXSourcesBuildPhase section */

/* Begin PBXTargetDependency section */
		491D7B081B49375200B1484E /* PBXTargetDependency */ = {
			isa = PBXTargetDependency;
			target = 491D7AEC1B49375200B1484E /* GitHub */;
			targetProxy = 491D7B071B49375200B1484E /* PBXContainerItemProxy */;
		};
/* End PBXTargetDependency section */

/* Begin PBXVariantGroup section */
		491D7AFA1B49375200B1484E /* Main.storyboard */ = {
			isa = PBXVariantGroup;
			children = (
				491D7AFB1B49375200B1484E /* Base */,
			);
			name = Main.storyboard;
			sourceTree = "<group>";
		};
		491D7AFF1B49375200B1484E /* LaunchScreen.xib */ = {
			isa = PBXVariantGroup;
			children = (
				491D7B001B49375200B1484E /* Base */,
			);
			name = LaunchScreen.xib;
			sourceTree = "<group>";
		};
/* End PBXVariantGroup section */

/* Begin XCBuildConfiguration section */
		491D7B0E1B49375200B1484E /* Debug */ = {
			isa = XCBuildConfiguration;
			buildSettings = {
				ALWAYS_SEARCH_USER_PATHS = NO;
				CLANG_CXX_LANGUAGE_STANDARD = "gnu++0x";
				CLANG_CXX_LIBRARY = "libc++";
				CLANG_ENABLE_MODULES = YES;
				CLANG_ENABLE_OBJC_ARC = YES;
				CLANG_WARN_BOOL_CONVERSION = YES;
				CLANG_WARN_CONSTANT_CONVERSION = YES;
				CLANG_WARN_DIRECT_OBJC_ISA_USAGE = YES_ERROR;
				CLANG_WARN_EMPTY_BODY = YES;
				CLANG_WARN_ENUM_CONVERSION = YES;
				CLANG_WARN_INT_CONVERSION = YES;
				CLANG_WARN_OBJC_ROOT_CLASS = YES_ERROR;
				CLANG_WARN_UNREACHABLE_CODE = YES;
				CLANG_WARN__DUPLICATE_METHOD_MATCH = YES;
				"CODE_SIGN_IDENTITY[sdk=iphoneos*]" = "iPhone Developer";
				COPY_PHASE_STRIP = NO;
				DEBUG_INFORMATION_FORMAT = "dwarf-with-dsym";
				ENABLE_STRICT_OBJC_MSGSEND = YES;
				GCC_C_LANGUAGE_STANDARD = gnu99;
				GCC_DYNAMIC_NO_PIC = NO;
				GCC_NO_COMMON_BLOCKS = YES;
				GCC_OPTIMIZATION_LEVEL = 0;
				GCC_PREPROCESSOR_DEFINITIONS = (
					"DEBUG=1",
					"$(inherited)",
				);
				GCC_SYMBOLS_PRIVATE_EXTERN = NO;
				GCC_WARN_64_TO_32_BIT_CONVERSION = YES;
				GCC_WARN_ABOUT_RETURN_TYPE = YES_ERROR;
				GCC_WARN_UNDECLARED_SELECTOR = YES;
				GCC_WARN_UNINITIALIZED_AUTOS = YES_AGGRESSIVE;
				GCC_WARN_UNUSED_FUNCTION = YES;
				GCC_WARN_UNUSED_VARIABLE = YES;
				IPHONEOS_DEPLOYMENT_TARGET = 8.3;
				MTL_ENABLE_DEBUG_INFO = YES;
				ONLY_ACTIVE_ARCH = YES;
				SDKROOT = iphoneos;
			};
			name = Debug;
		};
		491D7B0F1B49375200B1484E /* Release */ = {
			isa = XCBuildConfiguration;
			buildSettings = {
				ALWAYS_SEARCH_USER_PATHS = NO;
				CLANG_CXX_LANGUAGE_STANDARD = "gnu++0x";
				CLANG_CXX_LIBRARY = "libc++";
				CLANG_ENABLE_MODULES = YES;
				CLANG_ENABLE_OBJC_ARC = YES;
				CLANG_WARN_BOOL_CONVERSION = YES;
				CLANG_WARN_CONSTANT_CONVERSION = YES;
				CLANG_WARN_DIRECT_OBJC_ISA_USAGE = YES_ERROR;
				CLANG_WARN_EMPTY_BODY = YES;
				CLANG_WARN_ENUM_CONVERSION = YES;
				CLANG_WARN_INT_CONVERSION = YES;
				CLANG_WARN_OBJC_ROOT_CLASS = YES_ERROR;
				CLANG_WARN_UNREACHABLE_CODE = YES;
				CLANG_WARN__DUPLICATE_METHOD_MATCH = YES;
				"CODE_SIGN_IDENTITY[sdk=iphoneos*]" = "iPhone Developer";
				COPY_PHASE_STRIP = NO;
				DEBUG_INFORMATION_FORMAT = "dwarf-with-dsym";
				ENABLE_NS_ASSERTIONS = NO;
				ENABLE_STRICT_OBJC_MSGSEND = YES;
				GCC_C_LANGUAGE_STANDARD = gnu99;
				GCC_NO_COMMON_BLOCKS = YES;
				GCC_WARN_64_TO_32_BIT_CONVERSION = YES;
				GCC_WARN_ABOUT_RETURN_TYPE = YES_ERROR;
				GCC_WARN_UNDECLARED_SELECTOR = YES;
				GCC_WARN_UNINITIALIZED_AUTOS = YES_AGGRESSIVE;
				GCC_WARN_UNUSED_FUNCTION = YES;
				GCC_WARN_UNUSED_VARIABLE = YES;
				IPHONEOS_DEPLOYMENT_TARGET = 8.3;
				MTL_ENABLE_DEBUG_INFO = NO;
				SDKROOT = iphoneos;
				VALIDATE_PRODUCT = YES;
			};
			name = Release;
		};
		491D7B111B49375200B1484E /* Debug */ = {
			isa = XCBuildConfiguration;
			buildSettings = {
				ASSETCATALOG_COMPILER_APPICON_NAME = AppIcon;
				INFOPLIST_FILE = GitHub/Info.plist;
				LD_RUNPATH_SEARCH_PATHS = "$(inherited) @executable_path/Frameworks";
				PRODUCT_NAME = "$(TARGET_NAME)";
			};
			name = Debug;
		};
		491D7B121B49375200B1484E /* Release */ = {
			isa = XCBuildConfiguration;
			buildSettings = {
				ASSETCATALOG_COMPILER_APPICON_NAME = AppIcon;
				INFOPLIST_FILE = GitHub/Info.plist;
				LD_RUNPATH_SEARCH_PATHS = "$(inherited) @executable_path/Frameworks";
				PRODUCT_NAME = "$(TARGET_NAME)";
			};
			name = Release;
		};
		491D7B141B49375200B1484E /* Debug */ = {
			isa = XCBuildConfiguration;
			buildSettings = {
				BUNDLE_LOADER = "$(TEST_HOST)";
				FRAMEWORK_SEARCH_PATHS = (
					"$(SDKROOT)/Developer/Library/Frameworks",
					"$(inherited)",
				);
				GCC_PREPROCESSOR_DEFINITIONS = (
					"DEBUG=1",
					"$(inherited)",
				);
				INFOPLIST_FILE = GitHubTests/Info.plist;
				LD_RUNPATH_SEARCH_PATHS = "$(inherited) @executable_path/Frameworks @loader_path/Frameworks";
				PRODUCT_NAME = "$(TARGET_NAME)";
				TEST_HOST = "$(BUILT_PRODUCTS_DIR)/GitHub.app/GitHub";
			};
			name = Debug;
		};
		491D7B151B49375200B1484E /* Release */ = {
			isa = XCBuildConfiguration;
			buildSettings = {
				BUNDLE_LOADER = "$(TEST_HOST)";
				FRAMEWORK_SEARCH_PATHS = (
					"$(SDKROOT)/Developer/Library/Frameworks",
					"$(inherited)",
				);
				INFOPLIST_FILE = GitHubTests/Info.plist;
				LD_RUNPATH_SEARCH_PATHS = "$(inherited) @executable_path/Frameworks @loader_path/Frameworks";
				PRODUCT_NAME = "$(TARGET_NAME)";
				TEST_HOST = "$(BUILT_PRODUCTS_DIR)/GitHub.app/GitHub";
			};
			name = Release;
		};
/* End XCBuildConfiguration section */

/* Begin XCConfigurationList section */
		491D7AE81B49375200B1484E /* Build configuration list for PBXProject "GitHub" */ = {
			isa = XCConfigurationList;
			buildConfigurations = (
				491D7B0E1B49375200B1484E /* Debug */,
				491D7B0F1B49375200B1484E /* Release */,
			);
			defaultConfigurationIsVisible = 0;
			defaultConfigurationName = Release;
		};
		491D7B101B49375200B1484E /* Build configuration list for PBXNativeTarget "GitHub" */ = {
			isa = XCConfigurationList;
			buildConfigurations = (
				491D7B111B49375200B1484E /* Debug */,
				491D7B121B49375200B1484E /* Release */,
			);
			defaultConfigurationIsVisible = 0;
		};
		491D7B131B49375200B1484E /* Build configuration list for PBXNativeTarget "GitHubTests" */ = {
			isa = XCConfigurationList;
			buildConfigurations = (
				491D7B141B49375200B1484E /* Debug */,
				491D7B151B49375200B1484E /* Release */,
			);
			defaultConfigurationIsVisible = 0;
		};
/* End XCConfigurationList section */
	};
	rootObject = 491D7AE51B49375200B1484E /* Project object */;
}
